Microsoft Visual Studio Solution File, Format Version 12.00
# Visual Studio Version 17
VisualStudioVersion = 17.5.2.0
MinimumVisualStudioVersion = 10.0.40219.1
Project("{2150E333-8FDC-42A3-9474-1A3956D46DE8}") = "LifeOS", "LifeOS", "{CFC40ED6-7A75-2ED8-BD26-9801BF292459}"
EndProject
Project("{FAE04EC0-301F-11D3-BF4B-00C04F79EFBC}") = "LifeOS.API", "LifeOS\LifeOS.API\LifeOS.API.csproj", "{1D837810-092A-3BEE-5C6A-13EF2C0EF9D0}"
EndProject
Global
	GlobalSection(SolutionConfigurationPlatforms) = preSolution
		Debug|Any CPU = Debug|Any CPU
		Release|Any CPU = Release|Any CPU
	EndGlobalSection
	GlobalSection(ProjectConfigurationPlatforms) = postSolution
		{1D837810-092A-3BEE-5C6A-13EF2C0EF9D0}.Debug|Any CPU.ActiveCfg = Debug|Any CPU
		{1D837810-092A-3BEE-5C6A-13EF2C0EF9D0}.Debug|Any CPU.Build.0 = Debug|Any CPU
		{1D837810-092A-3BEE-5C6A-13EF2C0EF9D0}.Release|Any CPU.ActiveCfg = Release|Any CPU
		{1D837810-092A-3BEE-5C6A-13EF2C0EF9D0}.Release|Any CPU.Build.0 = Release|Any CPU
	EndGlobalSection
	GlobalSection(SolutionProperties) = preSolution
		HideSolutionNode = FALSE
	EndGlobalSection
	GlobalSection(NestedProjects) = preSolution
		{1D837810-092A-3BEE-5C6A-13EF2C0EF9D0} = {CFC40ED6-7A75-2ED8-BD26-9801BF292459}
	EndGlobalSection
	GlobalSection(ExtensibilityGlobals) = postSolution
		SolutionGuid = {AC8D2DC0-223B-4451-B55E-AF79F6677609}
	EndGlobalSection
EndGlobal
